<Solution>
  <Project Path="EonVientiane.CLI/EonVientiane.CLI.csproj" />
  <Project Path="EonVientiane.Core/EonVientiane.Core.csproj" />
  <Project Path="EonVientiane.AchievementModule/EonVientiane.AchievementModule.csproj" />
  <Project Path="EonVientiane.Achievements/EonVientiane.AchievementConnectionModule/EonVientiane.AchievementConnectionModule.csproj" />
  <Project Path="EonVientiane.Achievements/EonVientiane.AchievementStatusModule/EonVientiane.AchievementStatusModule.csproj" />
  <Project Path="EonVientiane.BattleModule/EonVientiane.BattleModule.csproj" />
  <Project Path="EonVientiane.NetworkBattleModule/EonVientiane.NetworkBattleModule.csproj" />
  <Project Path="EonVientiane.Items/EonVientiane.Item.Accessory.Self/EonVientiane.Item.Accessory.Self.csproj" />
  <Project Path="EonVientiane.Items/EonVientiane.Item.Dice.D6/EonVientiane.Item.Dice.D6.csproj" />
  <Project Path="EonVinetiane.Levels/EonVientiane.Level.First/EonVientiane.Level.First.csproj" />
  <Project Path="EonVientiane.EffectModule/EonVientiane.EffectModule.csproj" />
  <Project Path="EonVientiane.EquipmentModule/EonVientiane.EquipmentModule.csproj" />
  <Project Path="EonVientiane.InventoryModule/EonVientiane.InventoryModule.csproj" />
  <Project Path="EonVientiane.LevelModule/EonVientiane.LevelModule.csproj" />
  <Project Path="EonVientiane.PlayerModule/EonVientiane.PlayerModule.csproj" />
  <Project Path="EonVientiane.Server/EonVientiane.Server.csproj" />
</Solution>
