<Solution>
  <Project Path="EonVientiane.CLI/EonVientiane.CLI.csproj" />
  <Project Path="EonVientiane.GUI/EonVientiane.GUI.csproj" />
  <Project Path="EonVientiane.GUI.InventoryMenu/EonVientiane.GUI.InventoryMenu.csproj" />
  <Project Path="EonVientiane.Core/EonVientiane.Core.csproj" />
  <Project Path="EonVientiane.AchievementModule/EonVientiane.AchievementModule.csproj" />
  <Project Path="EonVientiane.Achievements/EonVientiane.AchievementConnectionModule/EonVientiane.AchievementConnectionModule.csproj" />
  <Project Path="EonVientiane.BattleModule/EonVientiane.BattleModule.csproj" />
  <Project Path="EonVientiane.NetworkBattleModule/EonVientiane.NetworkBattleModule.csproj" />
  <Project Path="EonVientiane.Items/EonVientiane.Item.Accessory.Self/EonVientiane.Item.Accessory.Self.csproj" />
  <Project Path="EonVientiane.Items/EonVientiane.Item.Dice.D6/EonVientiane.Item.Dice.D6.csproj" />
  <Project Path="EonVinetiane.Levels/EonVientiane.Level.First/EonVientiane.Level.First.csproj" />
  <Project Path="EonVientiane.EffectModule/EonVientiane.EffectModule.csproj" />
  <Project Path="EonVientiane.EquipmentModule/EonVientiane.EquipmentModule.csproj" />
  <Project Path="EonVientiane.InventoryModule/EonVientiane.InventoryModule.csproj" />
  <Project Path="EonVientiane.RankModule/EonVientiane.RankModule.csproj" />
  <Project Path="EonVientiane.Ranks/EonVientiane.Rank.Stardust/EonVientiane.Rank.Stardust.csproj" />
  <Project Path="EonVientiane.Ranks/EonVientiane.Rank.Moonlight/EonVientiane.Rank.Moonlight.csproj" />
  <Project Path="EonVientiane.Ranks/EonVientiane.Rank.Sunblaze/EonVientiane.Rank.Sunblaze.csproj" />
  <Project Path="EonVientiane.Ranks/EonVientiane.Rank.Galaxy/EonVientiane.Rank.Galaxy.csproj" />
  <Project Path="EonVientiane.Ranks/EonVientiane.Rank.Genesis/EonVientiane.Rank.Genesis.csproj" />
  <Project Path="EonVientiane.Ranks/EonVientiane.Rank.AllCreation/EonVientiane.Rank.AllCreation.csproj" />
  <Project Path="EonVientiane.Ranks/EonVientiane.Rank.Transcend/EonVientiane.Rank.Transcend.csproj" />
  <Project Path="EonVientiane.Ranks/EonVientiane.Rank.Infinite/EonVientiane.Rank.Infinite.csproj" />
  <Project Path="EonVientiane.Ranks/EonVientiane.Rank.Eternal/EonVientiane.Rank.Eternal.csproj" />
  <Project Path="EonVientiane.LevelModule/EonVientiane.LevelModule.csproj" />
  <Project Path="EonVientiane.PlayerModule/EonVientiane.PlayerModule.csproj" />
  <Project Path="EonVientiane.Server/EonVientiane.Server.csproj" />
</Solution>
